// !$*UTF8*$!
{
	archiveVersion = 1;
	classes = {
	};
	objectVersion = 77;
	objects = {

/* Begin PBXBuildFile section */
		08B03EAC4711D0A80BBBEB29 /* ClipboardService.swift in Sources */ = {isa = PBXBuildFile; fileRef = 7B8AC196F2B5EAABB80EA7AA /* ClipboardService.swift */; };
		1127A3C8F83E7C990969ADBE /* CookieSettingsView.swift in Sources */ = {isa = PBXBuildFile; fileRef = 320AE7FC1F612726A5622E2B /* CookieSettingsView.swift */; };
		27552109F917BE96BB04CC30 /* IPCServer.swift in Sources */ = {isa = PBXBuildFile; fileRef = EE40DEED4CB3A9C34896A38B /* IPCServer.swift */; };
		5ADB9566E23D0638D99870EB /* SearchWindow.swift in Sources */ = {isa = PBXBuildFile; fileRef = 01033110DD98EFB53E3F0E98 /* SearchWindow.swift */; };
		5F15B77BB3CFCD611D3EB2A0 /* main.swift in Sources */ = {isa = PBXBuildFile; fileRef = 09B621787CD91FCA53D5C0B7 /* main.swift */; };
		678B5697987E8ACFB48E0033 /* CopyToast.swift in Sources */ = {isa = PBXBuildFile; fileRef = 704CCF5B78B3A3F67C7D8B27 /* CopyToast.swift */; };
		742FD20D2D8294A817256E02 /* StickerItem.swift in Sources */ = {isa = PBXBuildFile; fileRef = 062974036783255704512B9A /* StickerItem.swift */; };
		9DEBECCDC0C55E160861313A /* MojiStickerApp.swift in Sources */ = {isa = PBXBuildFile; fileRef = 9022AB926A1414F5C245C767 /* MojiStickerApp.swift */; };
		A3C2E90E3589543FF3FBEFB6 /* ImageCacheService.swift in Sources */ = {isa = PBXBuildFile; fileRef = 77FE3DC3923309D648B417B8 /* ImageCacheService.swift */; };
		AFF409FD246D2D8463B1CBE2 /* SearchState.swift in Sources */ = {isa = PBXBuildFile; fileRef = E2AB0D663EBD8D6632656467 /* SearchState.swift */; };
		B7D4C6221C166E89218A5F74 /* PreviewOverlay.swift in Sources */ = {isa = PBXBuildFile; fileRef = 99D9E53691D64203789A3B6E /* PreviewOverlay.swift */; };
		B9ED94812A1F70971C0D4B1A /* ImageProcessor.swift in Sources */ = {isa = PBXBuildFile; fileRef = 4C949A93921ADCD7E7FE912F /* ImageProcessor.swift */; };
		BC53F7652BB03214216B7D6A /* StickerCell.swift in Sources */ = {isa = PBXBuildFile; fileRef = B4BFB07FE8CA69FB11823452 /* StickerCell.swift */; };
		BC7E6A97A384554412FA7C33 /* GlobalHotkey.swift in Sources */ = {isa = PBXBuildFile; fileRef = FB649ACCD2C2EF37F00C01A5 /* GlobalHotkey.swift */; };
		CBA735BA56D1A6B015E9AD7B /* DouyinResponse.swift in Sources */ = {isa = PBXBuildFile; fileRef = DDD089561FA7F82C6BC6CE42 /* DouyinResponse.swift */; };
		CED05682F66A18FBD4CCBE0C /* AppDelegate.swift in Sources */ = {isa = PBXBuildFile; fileRef = ED38EE49170ABDC6038A2692 /* AppDelegate.swift */; };
		D20607DDC39ADC48F375B71F /* StickerGridView.swift in Sources */ = {isa = PBXBuildFile; fileRef = 64C7C6245BD5DBF807C0540E /* StickerGridView.swift */; };
		E46E968B14EEEAEC4E67086E /* FrameDecodeService.swift in Sources */ = {isa = PBXBuildFile; fileRef = 7C2345E30E4933AB5AE157E9 /* FrameDecodeService.swift */; };
		EE55872E3F51760870410388 /* DouyinCookieManager.swift in Sources */ = {isa = PBXBuildFile; fileRef = 9A36EB98F0D6863A57F31DAC /* DouyinCookieManager.swift */; };
		F00EE592FDE8A0B4B0DEE24F /* DouyinAPI.swift in Sources */ = {isa = PBXBuildFile; fileRef = 6F9A53994640DE85245C6CC0 /* DouyinAPI.swift */; };
/* End PBXBuildFile section */

/* Begin PBXFileReference section */
		01033110DD98EFB53E3F0E98 /* SearchWindow.swift */ = {isa = PBXFileReference; lastKnownFileType = sourcecode.swift; path = SearchWindow.swift; sourceTree = "<group>"; };
		062974036783255704512B9A /* StickerItem.swift */ = {isa = PBXFileReference; lastKnownFileType = sourcecode.swift; path = StickerItem.swift; sourceTree = "<group>"; };
		09B621787CD91FCA53D5C0B7 /* main.swift */ = {isa = PBXFileReference; lastKnownFileType = sourcecode.swift; path = main.swift; sourceTree = "<group>"; };
		12D59497AE9928605D0F4EB9 /* MojiSticker.app */ = {isa = PBXFileReference; explicitFileType = wrapper.application; includeInIndex = 0; path = MojiSticker.app; sourceTree = BUILT_PRODUCTS_DIR; };
		320AE7FC1F612726A5622E2B /* CookieSettingsView.swift */ = {isa = PBXFileReference; lastKnownFileType = sourcecode.swift; path = CookieSettingsView.swift; sourceTree = "<group>"; };
		4C949A93921ADCD7E7FE912F /* ImageProcessor.swift */ = {isa = PBXFileReference; lastKnownFileType = sourcecode.swift; path = ImageProcessor.swift; sourceTree = "<group>"; };
		64C7C6245BD5DBF807C0540E /* StickerGridView.swift */ = {isa = PBXFileReference; lastKnownFileType = sourcecode.swift; path = StickerGridView.swift; sourceTree = "<group>"; };
		6F9A53994640DE85245C6CC0 /* DouyinAPI.swift */ = {isa = PBXFileReference; lastKnownFileType = sourcecode.swift; path = DouyinAPI.swift; sourceTree = "<group>"; };
		704CCF5B78B3A3F67C7D8B27 /* CopyToast.swift */ = {isa = PBXFileReference; lastKnownFileType = sourcecode.swift; path = CopyToast.swift; sourceTree = "<group>"; };
		77FE3DC3923309D648B417B8 /* ImageCacheService.swift */ = {isa = PBXFileReference; lastKnownFileType = sourcecode.swift; path = ImageCacheService.swift; sourceTree = "<group>"; };
		7B8AC196F2B5EAABB80EA7AA /* ClipboardService.swift */ = {isa = PBXFileReference; lastKnownFileType = sourcecode.swift; path = ClipboardService.swift; sourceTree = "<group>"; };
		7C2345E30E4933AB5AE157E9 /* FrameDecodeService.swift */ = {isa = PBXFileReference; lastKnownFileType = sourcecode.swift; path = FrameDecodeService.swift; sourceTree = "<group>"; };
		7E659FD67E74968FC3839329 /* MojiSticker.entitlements */ = {isa = PBXFileReference; lastKnownFileType = text.plist.entitlements; path = MojiSticker.entitlements; sourceTree = "<group>"; };
		9022AB926A1414F5C245C767 /* MojiStickerApp.swift */ = {isa = PBXFileReference; lastKnownFileType = sourcecode.swift; path = MojiStickerApp.swift; sourceTree = "<group>"; };
		99D9E53691D64203789A3B6E /* PreviewOverlay.swift */ = {isa = PBXFileReference; lastKnownFileType = sourcecode.swift; path = PreviewOverlay.swift; sourceTree = "<group>"; };
		9A36EB98F0D6863A57F31DAC /* DouyinCookieManager.swift */ = {isa = PBXFileReference; lastKnownFileType = sourcecode.swift; path = DouyinCookieManager.swift; sourceTree = "<group>"; };
		A95D66B46F206ADA36BED682 /* Info.plist */ = {isa = PBXFileReference; lastKnownFileType = text.plist; path = Info.plist; sourceTree = "<group>"; };
		B4BFB07FE8CA69FB11823452 /* StickerCell.swift */ = {isa = PBXFileReference; lastKnownFileType = sourcecode.swift; path = StickerCell.swift; sourceTree = "<group>"; };
		DDD089561FA7F82C6BC6CE42 /* DouyinResponse.swift */ = {isa = PBXFileReference; lastKnownFileType = sourcecode.swift; path = DouyinResponse.swift; sourceTree = "<group>"; };
		E2AB0D663EBD8D6632656467 /* SearchState.swift */ = {isa = PBXFileReference; lastKnownFileType = sourcecode.swift; path = SearchState.swift; sourceTree = "<group>"; };
		ED38EE49170ABDC6038A2692 /* AppDelegate.swift */ = {isa = PBXFileReference; lastKnownFileType = sourcecode.swift; path = AppDelegate.swift; sourceTree = "<group>"; };
		EE40DEED4CB3A9C34896A38B /* IPCServer.swift */ = {isa = PBXFileReference; lastKnownFileType = sourcecode.swift; path = IPCServer.swift; sourceTree = "<group>"; };
		FB649ACCD2C2EF37F00C01A5 /* GlobalHotkey.swift */ = {isa = PBXFileReference; lastKnownFileType = sourcecode.swift; path = GlobalHotkey.swift; sourceTree = "<group>"; };
/* End PBXFileReference section */

/* Begin PBXGroup section */
		39CDF7D7A32E3E5CE4F1B3C0 /* App */ = {
			isa = PBXGroup;
			children = (
				ED38EE49170ABDC6038A2692 /* AppDelegate.swift */,
				09B621787CD91FCA53D5C0B7 /* main.swift */,
				9022AB926A1414F5C245C767 /* MojiStickerApp.swift */,
			);
			path = App;
			sourceTree = "<group>";
		};
		78D8CFC49927523BCDEBA5B7 /* Services */ = {
			isa = PBXGroup;
			children = (
				7B8AC196F2B5EAABB80EA7AA /* ClipboardService.swift */,
				6F9A53994640DE85245C6CC0 /* DouyinAPI.swift */,
				9A36EB98F0D6863A57F31DAC /* DouyinCookieManager.swift */,
				7C2345E30E4933AB5AE157E9 /* FrameDecodeService.swift */,
				77FE3DC3923309D648B417B8 /* ImageCacheService.swift */,
			);
			path = Services;
			sourceTree = "<group>";
		};
		7B3D94FE9BEAF37FF944B26E /* MojiSticker */ = {
			isa = PBXGroup;
			children = (
				39CDF7D7A32E3E5CE4F1B3C0 /* App */,
				E21B70533B8A2820E88EAFF6 /* Models */,
				AFF9EC2BF30488545BDBCE7D /* Resources */,
				78D8CFC49927523BCDEBA5B7 /* Services */,
				94104C5D6DE97B90CFC84DD2 /* Utilities */,
				BD3A42A6B70E4B2CA0F80B5E /* Views */,
			);
			path = MojiSticker;
			sourceTree = "<group>";
		};
		94104C5D6DE97B90CFC84DD2 /* Utilities */ = {
			isa = PBXGroup;
			children = (
				FB649ACCD2C2EF37F00C01A5 /* GlobalHotkey.swift */,
				4C949A93921ADCD7E7FE912F /* ImageProcessor.swift */,
				EE40DEED4CB3A9C34896A38B /* IPCServer.swift */,
			);
			path = Utilities;
			sourceTree = "<group>";
		};
		AFC9A4391C28F35DA721AAB8 = {
			isa = PBXGroup;
			children = (
				7B3D94FE9BEAF37FF944B26E /* MojiSticker */,
				DBD26A0E47090BF62185F89D /* Products */,
			);
			sourceTree = "<group>";
		};
		AFF9EC2BF30488545BDBCE7D /* Resources */ = {
			isa = PBXGroup;
			children = (
				A95D66B46F206ADA36BED682 /* Info.plist */,
				7E659FD67E74968FC3839329 /* MojiSticker.entitlements */,
			);
			path = Resources;
			sourceTree = "<group>";
		};
		BD3A42A6B70E4B2CA0F80B5E /* Views */ = {
			isa = PBXGroup;
			children = (
				320AE7FC1F612726A5622E2B /* CookieSettingsView.swift */,
				704CCF5B78B3A3F67C7D8B27 /* CopyToast.swift */,
				99D9E53691D64203789A3B6E /* PreviewOverlay.swift */,
				01033110DD98EFB53E3F0E98 /* SearchWindow.swift */,
				B4BFB07FE8CA69FB11823452 /* StickerCell.swift */,
				64C7C6245BD5DBF807C0540E /* StickerGridView.swift */,
			);
			path = Views;
			sourceTree = "<group>";
		};
		DBD26A0E47090BF62185F89D /* Products */ = {
			isa = PBXGroup;
			children = (
				12D59497AE9928605D0F4EB9 /* MojiSticker.app */,
			);
			name = Products;
			sourceTree = "<group>";
		};
		E21B70533B8A2820E88EAFF6 /* Models */ = {
			isa = PBXGroup;
			children = (
				DDD089561FA7F82C6BC6CE42 /* DouyinResponse.swift */,
				E2AB0D663EBD8D6632656467 /* SearchState.swift */,
				062974036783255704512B9A /* StickerItem.swift */,
			);
			path = Models;
			sourceTree = "<group>";
		};
/* End PBXGroup section */

/* Begin PBXNativeTarget section */
		74A6363E0E1B97CD88C1EE38 /* MojiSticker */ = {
			isa = PBXNativeTarget;
			buildConfigurationList = B0C4093EBDD735C74D58DA2B /* Build configuration list for PBXNativeTarget "MojiSticker" */;
			buildPhases = (
				BE04B967C8DFCEF083BACEFE /* Sources */,
			);
			buildRules = (
			);
			dependencies = (
			);
			name = MojiSticker;
			packageProductDependencies = (
			);
			productName = MojiSticker;
			productReference = 12D59497AE9928605D0F4EB9 /* MojiSticker.app */;
			productType = "com.apple.product-type.application";
		};
/* End PBXNativeTarget section */

/* Begin PBXProject section */
		C0F39AF9399554235F0B343E /* Project object */ = {
			isa = PBXProject;
			attributes = {
				BuildIndependentTargetsInParallel = YES;
				LastUpgradeCheck = 1500;
			};
			buildConfigurationList = DF0FEB25B80C85011B9267A9 /* Build configuration list for PBXProject "MojiSticker" */;
			compatibilityVersion = "Xcode 14.0";
			developmentRegion = en;
			hasScannedForEncodings = 0;
			knownRegions = (
				Base,
				en,
			);
			mainGroup = AFC9A4391C28F35DA721AAB8;
			minimizedProjectReferenceProxies = 1;
			preferredProjectObjectVersion = 77;
			projectDirPath = "";
			projectRoot = "";
			targets = (
				74A6363E0E1B97CD88C1EE38 /* MojiSticker */,
			);
		};
/* End PBXProject section */

/* Begin PBXSourcesBuildPhase section */
		BE04B967C8DFCEF083BACEFE /* Sources */ = {
			isa = PBXSourcesBuildPhase;
			buildActionMask = 2147483647;
			files = (
				CED05682F66A18FBD4CCBE0C /* AppDelegate.swift in Sources */,
				08B03EAC4711D0A80BBBEB29 /* ClipboardService.swift in Sources */,
				1127A3C8F83E7C990969ADBE /* CookieSettingsView.swift in Sources */,
				678B5697987E8ACFB48E0033 /* CopyToast.swift in Sources */,
				F00EE592FDE8A0B4B0DEE24F /* DouyinAPI.swift in Sources */,
				EE55872E3F51760870410388 /* DouyinCookieManager.swift in Sources */,
				CBA735BA56D1A6B015E9AD7B /* DouyinResponse.swift in Sources */,
				E46E968B14EEEAEC4E67086E /* FrameDecodeService.swift in Sources */,
				BC7E6A97A384554412FA7C33 /* GlobalHotkey.swift in Sources */,
				27552109F917BE96BB04CC30 /* IPCServer.swift in Sources */,
				A3C2E90E3589543FF3FBEFB6 /* ImageCacheService.swift in Sources */,
				B9ED94812A1F70971C0D4B1A /* ImageProcessor.swift in Sources */,
				9DEBECCDC0C55E160861313A /* MojiStickerApp.swift in Sources */,
				B7D4C6221C166E89218A5F74 /* PreviewOverlay.swift in Sources */,
				AFF409FD246D2D8463B1CBE2 /* SearchState.swift in Sources */,
				5ADB9566E23D0638D99870EB /* SearchWindow.swift in Sources */,
				BC53F7652BB03214216B7D6A /* StickerCell.swift in Sources */,
				D20607DDC39ADC48F375B71F /* StickerGridView.swift in Sources */,
				742FD20D2D8294A817256E02 /* StickerItem.swift in Sources */,
				5F15B77BB3CFCD611D3EB2A0 /* main.swift in Sources */,
			);
			runOnlyForDeploymentPostprocessing = 0;
		};
/* End PBXSourcesBuildPhase section */

/* Begin XCBuildConfiguration section */
		1F58373D85AC9BAE439AF4E3 /* Release */ = {
			isa = XCBuildConfiguration;
			buildSettings = {
				ALWAYS_SEARCH_USER_PATHS = NO;
				CLANG_ANALYZER_NONNULL = YES;
				CLANG_ANALYZER_NUMBER_OBJECT_CONVERSION = YES_AGGRESSIVE;
				CLANG_CXX_LANGUAGE_STANDARD = "gnu++14";
				CLANG_CXX_LIBRARY = "libc++";
				CLANG_ENABLE_MODULES = YES;
				CLANG_ENABLE_OBJC_ARC = YES;
				CLANG_ENABLE_OBJC_WEAK = YES;
				CLANG_WARN_BLOCK_CAPTURE_AUTORELEASING = YES;
				CLANG_WARN_BOOL_CONVERSION = YES;
				CLANG_WARN_COMMA = YES;
				CLANG_WARN_CONSTANT_CONVERSION = YES;
				CLANG_WARN_DEPRECATED_OBJC_IMPLEMENTATIONS = YES;
				CLANG_WARN_DIRECT_OBJC_ISA_USAGE = YES_ERROR;
				CLANG_WARN_DOCUMENTATION_COMMENTS = YES;
				CLANG_WARN_EMPTY_BODY = YES;
				CLANG_WARN_ENUM_CONVERSION = YES;
				CLANG_WARN_INFINITE_RECURSION = YES;
				CLANG_WARN_INT_CONVERSION = YES;
				CLANG_WARN_NON_LITERAL_NULL_CONVERSION = YES;
				CLANG_WARN_OBJC_IMPLICIT_RETAIN_SELF = YES;
				CLANG_WARN_OBJC_LITERAL_CONVERSION = YES;
				CLANG_WARN_OBJC_ROOT_CLASS = YES_ERROR;
				CLANG_WARN_QUOTED_INCLUDE_IN_FRAMEWORK_HEADER = YES;
				CLANG_WARN_RANGE_LOOP_ANALYSIS = YES;
				CLANG_WARN_STRICT_PROTOTYPES = YES;
				CLANG_WARN_SUSPICIOUS_MOVE = YES;
				CLANG_WARN_UNGUARDED_AVAILABILITY = YES_AGGRESSIVE;
				CLANG_WARN_UNREACHABLE_CODE = YES;
				CLANG_WARN__DUPLICATE_METHOD_MATCH = YES;
				COPY_PHASE_STRIP = NO;
				DEBUG_INFORMATION_FORMAT = "dwarf-with-dsym";
				ENABLE_NS_ASSERTIONS = NO;
				ENABLE_STRICT_OBJC_MSGSEND = YES;
				GCC_C_LANGUAGE_STANDARD = gnu11;
				GCC_NO_COMMON_BLOCKS = YES;
				GCC_WARN_64_TO_32_BIT_CONVERSION = YES;
				GCC_WARN_ABOUT_RETURN_TYPE = YES_ERROR;
				GCC_WARN_UNDECLARED_SELECTOR = YES;
				GCC_WARN_UNINITIALIZED_AUTOS = YES_AGGRESSIVE;
				GCC_WARN_UNUSED_FUNCTION = YES;
				GCC_WARN_UNUSED_VARIABLE = YES;
				MACOSX_DEPLOYMENT_TARGET = 14.0;
				MTL_ENABLE_DEBUG_INFO = NO;
				MTL_FAST_MATH = YES;
				PRODUCT_NAME = "$(TARGET_NAME)";
				SDKROOT = macosx;
				SWIFT_COMPILATION_MODE = wholemodule;
				SWIFT_OPTIMIZATION_LEVEL = "-O";
				SWIFT_VERSION = 5.0;
			};
			name = Release;
		};
		5D768F8FE2877BDAB6C9E407 /* Release */ = {
			isa = XCBuildConfiguration;
			buildSettings = {
				ASSETCATALOG_COMPILER_APPICON_NAME = AppIcon;
				CODE_SIGN_ENTITLEMENTS = MojiSticker/Resources/MojiSticker.entitlements;
				COMBINE_HIDPI_IMAGES = YES;
				CURRENT_PROJECT_VERSION = 1;
				ENABLE_APP_SANDBOX = NO;
				INFOPLIST_FILE = MojiSticker/Resources/Info.plist;
				LD_RUNPATH_SEARCH_PATHS = (
					"$(inherited)",
					"@executable_path/../Frameworks",
				);
				MACOSX_DEPLOYMENT_TARGET = 14.0;
				MARKETING_VERSION = 1.0.0;
				PRODUCT_BUNDLE_IDENTIFIER = com.moji.MojiSticker;
				SDKROOT = macosx;
				SWIFT_VERSION = 5.9;
			};
			name = Release;
		};
		620AFA43B1D2804B28990DA5 /* Debug */ = {
			isa = XCBuildConfiguration;
			buildSettings = {
				ASSETCATALOG_COMPILER_APPICON_NAME = AppIcon;
				CODE_SIGN_ENTITLEMENTS = MojiSticker/Resources/MojiSticker.entitlements;
				COMBINE_HIDPI_IMAGES = YES;
				CURRENT_PROJECT_VERSION = 1;
				ENABLE_APP_SANDBOX = NO;
				INFOPLIST_FILE = MojiSticker/Resources/Info.plist;
				LD_RUNPATH_SEARCH_PATHS = (
					"$(inherited)",
					"@executable_path/../Frameworks",
				);
				MACOSX_DEPLOYMENT_TARGET = 14.0;
				MARKETING_VERSION = 1.0.0;
				PRODUCT_BUNDLE_IDENTIFIER = com.moji.MojiSticker;
				SDKROOT = macosx;
				SWIFT_VERSION = 5.9;
			};
			name = Debug;
		};
		9E58EFF8F339C9F4C6BF50EE /* Debug */ = {
			isa = XCBuildConfiguration;
			buildSettings = {
				ALWAYS_SEARCH_USER_PATHS = NO;
				CLANG_ANALYZER_NONNULL = YES;
				CLANG_ANALYZER_NUMBER_OBJECT_CONVERSION = YES_AGGRESSIVE;
				CLANG_CXX_LANGUAGE_STANDARD = "gnu++14";
				CLANG_CXX_LIBRARY = "libc++";
				CLANG_ENABLE_MODULES = YES;
				CLANG_ENABLE_OBJC_ARC = YES;
				CLANG_ENABLE_OBJC_WEAK = YES;
				CLANG_WARN_BLOCK_CAPTURE_AUTORELEASING = YES;
				CLANG_WARN_BOOL_CONVERSION = YES;
				CLANG_WARN_COMMA = YES;
				CLANG_WARN_CONSTANT_CONVERSION = YES;
				CLANG_WARN_DEPRECATED_OBJC_IMPLEMENTATIONS = YES;
				CLANG_WARN_DIRECT_OBJC_ISA_USAGE = YES_ERROR;
				CLANG_WARN_DOCUMENTATION_COMMENTS = YES;
				CLANG_WARN_EMPTY_BODY = YES;
				CLANG_WARN_ENUM_CONVERSION = YES;
				CLANG_WARN_INFINITE_RECURSION = YES;
				CLANG_WARN_INT_CONVERSION = YES;
				CLANG_WARN_NON_LITERAL_NULL_CONVERSION = YES;
				CLANG_WARN_OBJC_IMPLICIT_RETAIN_SELF = YES;
				CLANG_WARN_OBJC_LITERAL_CONVERSION = YES;
				CLANG_WARN_OBJC_ROOT_CLASS = YES_ERROR;
				CLANG_WARN_QUOTED_INCLUDE_IN_FRAMEWORK_HEADER = YES;
				CLANG_WARN_RANGE_LOOP_ANALYSIS = YES;
				CLANG_WARN_STRICT_PROTOTYPES = YES;
				CLANG_WARN_SUSPICIOUS_MOVE = YES;
				CLANG_WARN_UNGUARDED_AVAILABILITY = YES_AGGRESSIVE;
				CLANG_WARN_UNREACHABLE_CODE = YES;
				CLANG_WARN__DUPLICATE_METHOD_MATCH = YES;
				COPY_PHASE_STRIP = NO;
				DEBUG_INFORMATION_FORMAT = dwarf;
				ENABLE_STRICT_OBJC_MSGSEND = YES;
				ENABLE_TESTABILITY = YES;
				GCC_C_LANGUAGE_STANDARD = gnu11;
				GCC_DYNAMIC_NO_PIC = NO;
				GCC_NO_COMMON_BLOCKS = YES;
				GCC_OPTIMIZATION_LEVEL = 0;
				GCC_PREPROCESSOR_DEFINITIONS = (
					"$(inherited)",
					"DEBUG=1",
				);
				GCC_WARN_64_TO_32_BIT_CONVERSION = YES;
				GCC_WARN_ABOUT_RETURN_TYPE = YES_ERROR;
				GCC_WARN_UNDECLARED_SELECTOR = YES;
				GCC_WARN_UNINITIALIZED_AUTOS = YES_AGGRESSIVE;
				GCC_WARN_UNUSED_FUNCTION = YES;
				GCC_WARN_UNUSED_VARIABLE = YES;
				MACOSX_DEPLOYMENT_TARGET = 14.0;
				MTL_ENABLE_DEBUG_INFO = INCLUDE_SOURCE;
				MTL_FAST_MATH = YES;
				ONLY_ACTIVE_ARCH = YES;
				PRODUCT_NAME = "$(TARGET_NAME)";
				SDKROOT = macosx;
				SWIFT_ACTIVE_COMPILATION_CONDITIONS = DEBUG;
				SWIFT_OPTIMIZATION_LEVEL = "-Onone";
				SWIFT_VERSION = 5.0;
			};
			name = Debug;
		};
/* End XCBuildConfiguration section */

/* Begin XCConfigurationList section */
		B0C4093EBDD735C74D58DA2B /* Build configuration list for PBXNativeTarget "MojiSticker" */ = {
			isa = XCConfigurationList;
			buildConfigurations = (
				620AFA43B1D2804B28990DA5 /* Debug */,
				5D768F8FE2877BDAB6C9E407 /* Release */,
			);
			defaultConfigurationIsVisible = 0;
			defaultConfigurationName = Debug;
		};
		DF0FEB25B80C85011B9267A9 /* Build configuration list for PBXProject "MojiSticker" */ = {
			isa = XCConfigurationList;
			buildConfigurations = (
				9E58EFF8F339C9F4C6BF50EE /* Debug */,
				1F58373D85AC9BAE439AF4E3 /* Release */,
			);
			defaultConfigurationIsVisible = 0;
			defaultConfigurationName = Debug;
		};
/* End XCConfigurationList section */
	};
	rootObject = C0F39AF9399554235F0B343E /* Project object */;
}
