// !$*UTF8*$!
{
	archiveVersion = 1;
	classes = {
	};
	objectVersion = 77;
	objects = {

/* Begin PBXBuildFile section */
		742FD20D2D8294A817256E02 /* StickerItem.swift in Sources */ = {isa = PBXBuildFile; fileRef = 062974036783255704512B9A /* StickerItem.swift */; };
		9DEBECCDC0C55E160861313A /* MojiStickerApp.swift in Sources */ = {isa = PBXBuildFile; fileRef = 9022AB926A1414F5C245C767 /* MojiStickerApp.swift */; };
		CBA735BA56D1A6B015E9AD7B /* DouyinResponse.swift in Sources */ = {isa = PBXBuildFile; fileRef = DDD089561FA7F82C6BC6CE42 /* DouyinResponse.swift */; };
		CED05682F66A18FBD4CCBE0C /* AppDelegate.swift in Sources */ = {isa = PBXBuildFile; fileRef = ED38EE49170ABDC6038A2692 /* AppDelegate.swift */; };
		EE55872E3F51760870410388 /* DouyinCookieManager.swift in Sources */ = {isa = PBXBuildFile; fileRef = 9A36EB98F0D6863A57F31DAC /* DouyinCookieManager.swift */; };
/* End PBXBuildFile section */

/* Begin PBXFileReference section */
		062974036783255704512B9A /* StickerItem.swift */ = {isa = PBXFileReference; lastKnownFileType = sourcecode.swift; path = StickerItem.swift; sourceTree = "<group>"; };
		12D59497AE9928605D0F4EB9 /* MojiSticker.app */ = {isa = PBXFileReference; explicitFileType = wrapper.application; includeInIndex = 0; path = MojiSticker.app; sourceTree = BUILT_PRODUCTS_DIR; };
		7E659FD67E74968FC3839329 /* MojiSticker.entitlements */ = {isa = PBXFileReference; lastKnownFileType = text.plist.entitlements; path = MojiSticker.entitlements; sourceTree = "<group>"; };
		9022AB926A1414F5C245C767 /* MojiStickerApp.swift */ = {isa = PBXFileReference; lastKnownFileType = sourcecode.swift; path = MojiStickerApp.swift; sourceTree = "<group>"; };
		9A36EB98F0D6863A57F31DAC /* DouyinCookieManager.swift */ = {isa = PBXFileReference; lastKnownFileType = sourcecode.swift; path = DouyinCookieManager.swift; sourceTree = "<group>"; };
		A95D66B46F206ADA36BED682 /* Info.plist */ = {isa = PBXFileReference; lastKnownFileType = text.plist; path = Info.plist; sourceTree = "<group>"; };
		DDD089561FA7F82C6BC6CE42 /* DouyinResponse.swift */ = {isa = PBXFileReference; lastKnownFileType = sourcecode.swift; path = DouyinResponse.swift; sourceTree = "<group>"; };
		ED38EE49170ABDC6038A2692 /* AppDelegate.swift */ = {isa = PBXFileReference; lastKnownFileType = sourcecode.swift; path = AppDelegate.swift; sourceTree = "<group>"; };
/* End PBXFileReference section */

/* Begin PBXGroup section */
		39CDF7D7A32E3E5CE4F1B3C0 /* App */ = {
			isa = PBXGroup;
			children = (
				ED38EE49170ABDC6038A2692 /* AppDelegate.swift */,
				9022AB926A1414F5C245C767 /* MojiStickerApp.swift */,
			);
			path = App;
			sourceTree = "<group>";
		};
		78D8CFC49927523BCDEBA5B7 /* Services */ = {
			isa = PBXGroup;
			children = (
				9A36EB98F0D6863A57F31DAC /* DouyinCookieManager.swift */,
			);
			path = Services;
			sourceTree = "<group>";
		};
		7B3D94FE9BEAF37FF944B26E /* MojiSticker */ = {
			isa = PBXGroup;
			children = (
				39CDF7D7A32E3E5CE4F1B3C0 /* App */,
				E21B70533B8A2820E88EAFF6 /* Models */,
				AFF9EC2BF30488545BDBCE7D /* Resources */,
				78D8CFC49927523BCDEBA5B7 /* Services */,
			);
			path = MojiSticker;
			sourceTree = "<group>";
		};
		AFC9A4391C28F35DA721AAB8 = {
			isa = PBXGroup;
			children = (
				7B3D94FE9BEAF37FF944B26E /* MojiSticker */,
				DBD26A0E47090BF62185F89D /* Products */,
			);
			sourceTree = "<group>";
		};
		AFF9EC2BF30488545BDBCE7D /* Resources */ = {
			isa = PBXGroup;
			children = (
				A95D66B46F206ADA36BED682 /* Info.plist */,
				7E659FD67E74968FC3839329 /* MojiSticker.entitlements */,
			);
			path = Resources;
			sourceTree = "<group>";
		};
		DBD26A0E47090BF62185F89D /* Products */ = {
			isa = PBXGroup;
			children = (
				12D59497AE9928605D0F4EB9 /* MojiSticker.app */,
			);
			name = Products;
			sourceTree = "<group>";
		};
		E21B70533B8A2820E88EAFF6 /* Models */ = {
			isa = PBXGroup;
			children = (
				DDD089561FA7F82C6BC6CE42 /* DouyinResponse.swift */,
				062974036783255704512B9A /* StickerItem.swift */,
			);
			path = Models;
			sourceTree = "<group>";
		};
/* End PBXGroup section */

/* Begin PBXNativeTarget section */
		74A6363E0E1B97CD88C1EE38 /* MojiSticker */ = {
			isa = PBXNativeTarget;
			buildConfigurationList = B0C4093EBDD735C74D58DA2B /* Build configuration list for PBXNativeTarget "MojiSticker" */;
			buildPhases = (
				BE04B967C8DFCEF083BACEFE /* Sources */,
			);
			buildRules = (
			);
			dependencies = (
			);
			name = MojiSticker;
			packageProductDependencies = (
			);
			productName = MojiSticker;
			productReference = 12D59497AE9928605D0F4EB9 /* MojiSticker.app */;
			productType = "com.apple.product-type.application";
		};
/* End PBXNativeTarget section */

/* Begin PBXProject section */
		C0F39AF9399554235F0B343E /* Project object */ = {
			isa = PBXProject;
			attributes = {
				BuildIndependentTargetsInParallel = YES;
				LastUpgradeCheck = 1500;
			};
			buildConfigurationList = DF0FEB25B80C85011B9267A9 /* Build configuration list for PBXProject "MojiSticker" */;
			compatibilityVersion = "Xcode 14.0";
			developmentRegion = en;
			hasScannedForEncodings = 0;
			knownRegions = (
				Base,
				en,
			);
			mainGroup = AFC9A4391C28F35DA721AAB8;
			minimizedProjectReferenceProxies = 1;
			preferredProjectObjectVersion = 77;
			projectDirPath = "";
			projectRoot = "";
			targets = (
				74A6363E0E1B97CD88C1EE38 /* MojiSticker */,
			);
		};
/* End PBXProject section */

/* Begin PBXSourcesBuildPhase section */
		BE04B967C8DFCEF083BACEFE /* Sources */ = {
			isa = PBXSourcesBuildPhase;
			buildActionMask = 2147483647;
			files = (
				CED05682F66A18FBD4CCBE0C /* AppDelegate.swift in Sources */,
				EE55872E3F51760870410388 /* DouyinCookieManager.swift in Sources */,
				CBA735BA56D1A6B015E9AD7B /* DouyinResponse.swift in Sources */,
				9DEBECCDC0C55E160861313A /* MojiStickerApp.swift in Sources */,
				742FD20D2D8294A817256E02 /* StickerItem.swift in Sources */,
			);
			runOnlyForDeploymentPostprocessing = 0;
		};
/* End PBXSourcesBuildPhase section */

/* Begin XCBuildConfiguration section */
		1F58373D85AC9BAE439AF4E3 /* Release */ = {
			isa = XCBuildConfiguration;
			buildSettings = {
				ALWAYS_SEARCH_USER_PATHS = NO;
				CLANG_ANALYZER_NONNULL = YES;
				CLANG_ANALYZER_NUMBER_OBJECT_CONVERSION = YES_AGGRESSIVE;
				CLANG_CXX_LANGUAGE_STANDARD = "gnu++14";
				CLANG_CXX_LIBRARY = "libc++";
				CLANG_ENABLE_MODULES = YES;
				CLANG_ENABLE_OBJC_ARC = YES;
				CLANG_ENABLE_OBJC_WEAK = YES;
				CLANG_WARN_BLOCK_CAPTURE_AUTORELEASING = YES;
				CLANG_WARN_BOOL_CONVERSION = YES;
				CLANG_WARN_COMMA = YES;
				CLANG_WARN_CONSTANT_CONVERSION = YES;
				CLANG_WARN_DEPRECATED_OBJC_IMPLEMENTATIONS = YES;
				CLANG_WARN_DIRECT_OBJC_ISA_USAGE = YES_ERROR;
				CLANG_WARN_DOCUMENTATION_COMMENTS = YES;
				CLANG_WARN_EMPTY_BODY = YES;
				CLANG_WARN_ENUM_CONVERSION = YES;
				CLANG_WARN_INFINITE_RECURSION = YES;
				CLANG_WARN_INT_CONVERSION = YES;
				CLANG_WARN_NON_LITERAL_NULL_CONVERSION = YES;
				CLANG_WARN_OBJC_IMPLICIT_RETAIN_SELF = YES;
				CLANG_WARN_OBJC_LITERAL_CONVERSION = YES;
				CLANG_WARN_OBJC_ROOT_CLASS = YES_ERROR;
				CLANG_WARN_QUOTED_INCLUDE_IN_FRAMEWORK_HEADER = YES;
				CLANG_WARN_RANGE_LOOP_ANALYSIS = YES;
				CLANG_WARN_STRICT_PROTOTYPES = YES;
				CLANG_WARN_SUSPICIOUS_MOVE = YES;
				CLANG_WARN_UNGUARDED_AVAILABILITY = YES_AGGRESSIVE;
				CLANG_WARN_UNREACHABLE_CODE = YES;
				CLANG_WARN__DUPLICATE_METHOD_MATCH = YES;
				COPY_PHASE_STRIP = NO;
				DEBUG_INFORMATION_FORMAT = "dwarf-with-dsym";
				ENABLE_NS_ASSERTIONS = NO;
				ENABLE_STRICT_OBJC_MSGSEND = YES;
				GCC_C_LANGUAGE_STANDARD = gnu11;
				GCC_NO_COMMON_BLOCKS = YES;
				GCC_WARN_64_TO_32_BIT_CONVERSION = YES;
				GCC_WARN_ABOUT_RETURN_TYPE = YES_ERROR;
				GCC_WARN_UNDECLARED_SELECTOR = YES;
				GCC_WARN_UNINITIALIZED_AUTOS = YES_AGGRESSIVE;
				GCC_WARN_UNUSED_FUNCTION = YES;
				GCC_WARN_UNUSED_VARIABLE = YES;
				MACOSX_DEPLOYMENT_TARGET = 14.0;
				MTL_ENABLE_DEBUG_INFO = NO;
				MTL_FAST_MATH = YES;
				PRODUCT_NAME = "$(TARGET_NAME)";
				SDKROOT = macosx;
				SWIFT_COMPILATION_MODE = wholemodule;
				SWIFT_OPTIMIZATION_LEVEL = "-O";
				SWIFT_VERSION = 5.0;
			};
			name = Release;
		};
		5D768F8FE2877BDAB6C9E407 /* Release */ = {
			isa = XCBuildConfiguration;
			buildSettings = {
				ASSETCATALOG_COMPILER_APPICON_NAME = AppIcon;
				CODE_SIGN_ENTITLEMENTS = MojiSticker/Resources/MojiSticker.entitlements;
				COMBINE_HIDPI_IMAGES = YES;
				CURRENT_PROJECT_VERSION = 1;
				ENABLE_APP_SANDBOX = NO;
				INFOPLIST_FILE = MojiSticker/Resources/Info.plist;
				LD_RUNPATH_SEARCH_PATHS = (
					"$(inherited)",
					"@executable_path/../Frameworks",
				);
				MACOSX_DEPLOYMENT_TARGET = 14.0;
				MARKETING_VERSION = 1.0.0;
				PRODUCT_BUNDLE_IDENTIFIER = com.moji.MojiSticker;
				SDKROOT = macosx;
				SWIFT_VERSION = 5.9;
			};
			name = Release;
		};
		620AFA43B1D2804B28990DA5 /* Debug */ = {
			isa = XCBuildConfiguration;
			buildSettings = {
				ASSETCATALOG_COMPILER_APPICON_NAME = AppIcon;
				CODE_SIGN_ENTITLEMENTS = MojiSticker/Resources/MojiSticker.entitlements;
				COMBINE_HIDPI_IMAGES = YES;
				CURRENT_PROJECT_VERSION = 1;
				ENABLE_APP_SANDBOX = NO;
				INFOPLIST_FILE = MojiSticker/Resources/Info.plist;
				LD_RUNPATH_SEARCH_PATHS = (
					"$(inherited)",
					"@executable_path/../Frameworks",
				);
				MACOSX_DEPLOYMENT_TARGET = 14.0;
				MARKETING_VERSION = 1.0.0;
				PRODUCT_BUNDLE_IDENTIFIER = com.moji.MojiSticker;
				SDKROOT = macosx;
				SWIFT_VERSION = 5.9;
			};
			name = Debug;
		};
		9E58EFF8F339C9F4C6BF50EE /* Debug */ = {
			isa = XCBuildConfiguration;
			buildSettings = {
				ALWAYS_SEARCH_USER_PATHS = NO;
				CLANG_ANALYZER_NONNULL = YES;
				CLANG_ANALYZER_NUMBER_OBJECT_CONVERSION = YES_AGGRESSIVE;
				CLANG_CXX_LANGUAGE_STANDARD = "gnu++14";
				CLANG_CXX_LIBRARY = "libc++";
				CLANG_ENABLE_MODULES = YES;
				CLANG_ENABLE_OBJC_ARC = YES;
				CLANG_ENABLE_OBJC_WEAK = YES;
				CLANG_WARN_BLOCK_CAPTURE_AUTORELEASING = YES;
				CLANG_WARN_BOOL_CONVERSION = YES;
				CLANG_WARN_COMMA = YES;
				CLANG_WARN_CONSTANT_CONVERSION = YES;
				CLANG_WARN_DEPRECATED_OBJC_IMPLEMENTATIONS = YES;
				CLANG_WARN_DIRECT_OBJC_ISA_USAGE = YES_ERROR;
				CLANG_WARN_DOCUMENTATION_COMMENTS = YES;
				CLANG_WARN_EMPTY_BODY = YES;
				CLANG_WARN_ENUM_CONVERSION = YES;
				CLANG_WARN_INFINITE_RECURSION = YES;
				CLANG_WARN_INT_CONVERSION = YES;
				CLANG_WARN_NON_LITERAL_NULL_CONVERSION = YES;
				CLANG_WARN_OBJC_IMPLICIT_RETAIN_SELF = YES;
				CLANG_WARN_OBJC_LITERAL_CONVERSION = YES;
				CLANG_WARN_OBJC_ROOT_CLASS = YES_ERROR;
				CLANG_WARN_QUOTED_INCLUDE_IN_FRAMEWORK_HEADER = YES;
				CLANG_WARN_RANGE_LOOP_ANALYSIS = YES;
				CLANG_WARN_STRICT_PROTOTYPES = YES;
				CLANG_WARN_SUSPICIOUS_MOVE = YES;
				CLANG_WARN_UNGUARDED_AVAILABILITY = YES_AGGRESSIVE;
				CLANG_WARN_UNREACHABLE_CODE = YES;
				CLANG_WARN__DUPLICATE_METHOD_MATCH = YES;
				COPY_PHASE_STRIP = NO;
				DEBUG_INFORMATION_FORMAT = dwarf;
				ENABLE_STRICT_OBJC_MSGSEND = YES;
				ENABLE_TESTABILITY = YES;
				GCC_C_LANGUAGE_STANDARD = gnu11;
				GCC_DYNAMIC_NO_PIC = NO;
				GCC_NO_COMMON_BLOCKS = YES;
				GCC_OPTIMIZATION_LEVEL = 0;
				GCC_PREPROCESSOR_DEFINITIONS = (
					"$(inherited)",
					"DEBUG=1",
				);
				GCC_WARN_64_TO_32_BIT_CONVERSION = YES;
				GCC_WARN_ABOUT_RETURN_TYPE = YES_ERROR;
				GCC_WARN_UNDECLARED_SELECTOR = YES;
				GCC_WARN_UNINITIALIZED_AUTOS = YES_AGGRESSIVE;
				GCC_WARN_UNUSED_FUNCTION = YES;
				GCC_WARN_UNUSED_VARIABLE = YES;
				MACOSX_DEPLOYMENT_TARGET = 14.0;
				MTL_ENABLE_DEBUG_INFO = INCLUDE_SOURCE;
				MTL_FAST_MATH = YES;
				ONLY_ACTIVE_ARCH = YES;
				PRODUCT_NAME = "$(TARGET_NAME)";
				SDKROOT = macosx;
				SWIFT_ACTIVE_COMPILATION_CONDITIONS = DEBUG;
				SWIFT_OPTIMIZATION_LEVEL = "-Onone";
				SWIFT_VERSION = 5.0;
			};
			name = Debug;
		};
/* End XCBuildConfiguration section */

/* Begin XCConfigurationList section */
		B0C4093EBDD735C74D58DA2B /* Build configuration list for PBXNativeTarget "MojiSticker" */ = {
			isa = XCConfigurationList;
			buildConfigurations = (
				620AFA43B1D2804B28990DA5 /* Debug */,
				5D768F8FE2877BDAB6C9E407 /* Release */,
			);
			defaultConfigurationIsVisible = 0;
			defaultConfigurationName = Debug;
		};
		DF0FEB25B80C85011B9267A9 /* Build configuration list for PBXProject "MojiSticker" */ = {
			isa = XCConfigurationList;
			buildConfigurations = (
				9E58EFF8F339C9F4C6BF50EE /* Debug */,
				1F58373D85AC9BAE439AF4E3 /* Release */,
			);
			defaultConfigurationIsVisible = 0;
			defaultConfigurationName = Debug;
		};
/* End XCConfigurationList section */
	};
	rootObject = C0F39AF9399554235F0B343E /* Project object */;
}
